# @generated - this file is auto-generated by `mise lock` https://mise.jdx.dev/dev-tools/mise-lock.html

[[tools.actionlint]]
version = "1.7.12"
backend = "aqua:rhysd/actionlint"

[tools.actionlint."platforms.linux-x64"]
checksum = "sha256:8aca8db96f1b94770f1b0d72b6dddcb1ebb8123cb3712530b08cc387b349a3d8"
url = "https://github.com/rhysd/actionlint/releases/download/v1.7.12/actionlint_1.7.12_linux_amd64.tar.gz"
url_api = "https://api.github.com/repos/rhysd/actionlint/releases/assets/384924896"
provenance = "github-attestations"

[tools.actionlint."platforms.macos-arm64"]
checksum = "sha256:aba9ced2dee8d27fecca3dc7feb1a7f9a52caefa1eb46f3271ea66b6e0e6953f"
url = "https://github.com/rhysd/actionlint/releases/download/v1.7.12/actionlint_1.7.12_darwin_arm64.tar.gz"
url_api = "https://api.github.com/repos/rhysd/actionlint/releases/assets/384924893"
provenance = "github-attestations"

[tools.actionlint."platforms.windows-x64"]
checksum = "sha256:6e7241b51e6817ea6a047693d8e6fed13b31819c9a0dd6c5a726e1592d22f6e9"
url = "https://github.com/rhysd/actionlint/releases/download/v1.7.12/actionlint_1.7.12_windows_amd64.zip"
url_api = "https://api.github.com/repos/rhysd/actionlint/releases/assets/384924919"
provenance = "github-attestations"

[[tools."aqua:nextest-rs/nextest/cargo-nextest"]]
version = "0.9.144"
backend = "aqua:nextest-rs/nextest/cargo-nextest"

[tools."aqua:nextest-rs/nextest/cargo-nextest"."platforms.linux-x64"]
checksum = "sha256:8a4f726272b0a1c499bd87ca3978bfbb1a8c20bb08ccf075b9996e2081bd1e1e"
url = "https://github.com/nextest-rs/nextest/releases/download/cargo-nextest-0.9.144/cargo-nextest-0.9.144-x86_64-unknown-linux-gnu.tar.gz"
url_api = "https://api.github.com/repos/nextest-rs/nextest/releases/assets/555799959"

[tools."aqua:nextest-rs/nextest/cargo-nextest"."platforms.macos-arm64"]
checksum = "sha256:87472b2c3ee09154cadd34d168a5cdede478806810f095c3dc4dc499943da42e"
url = "https://github.com/nextest-rs/nextest/releases/download/cargo-nextest-0.9.144/cargo-nextest-0.9.144-universal-apple-darwin.tar.gz"
url_api = "https://api.github.com/repos/nextest-rs/nextest/releases/assets/555817983"

[tools."aqua:nextest-rs/nextest/cargo-nextest"."platforms.windows-x64"]
checksum = "sha256:b0d6a6569d4ef63a095c5a574a6856c17fb755b51a02a17e4651e738e9192831"
url = "https://github.com/nextest-rs/nextest/releases/download/cargo-nextest-0.9.144/cargo-nextest-0.9.144-x86_64-pc-windows-msvc.tar.gz"
url_api = "https://api.github.com/repos/nextest-rs/nextest/releases/assets/555805900"

[[tools."aqua:rustsec/rustsec/cargo-audit"]]
version = "0.22.2"
backend = "aqua:rustsec/rustsec/cargo-audit"

[tools."aqua:rustsec/rustsec/cargo-audit"."platforms.linux-x64"]
checksum = "sha256:ab28a1bdb54db4d5d8ad5981cf1f959410370b3d28250dbd35f6a44248620e39"
url = "https://github.com/rustsec/rustsec/releases/download/cargo-audit/v0.22.2/cargo-audit-x86_64-unknown-linux-gnu-v0.22.2.tgz"
url_api = "https://api.github.com/repos/rustsec/rustsec/releases/assets/439291614"

[tools."aqua:rustsec/rustsec/cargo-audit"."platforms.macos-arm64"]
checksum = "sha256:847831323de932155b226ab60ee4a180e13e5d007a019f0d4b7b4d89a6de2ab2"
url = "https://github.com/rustsec/rustsec/releases/download/cargo-audit/v0.22.2/cargo-audit-x86_64-apple-darwin-v0.22.2.tgz"
url_api = "https://api.github.com/repos/rustsec/rustsec/releases/assets/439292734"

[tools."aqua:rustsec/rustsec/cargo-audit"."platforms.windows-x64"]
checksum = "sha256:0a7316540862c13d954f648917ceacca593747baed6eec180fafa590be2710ab"
url = "https://github.com/rustsec/rustsec/releases/download/cargo-audit/v0.22.2/cargo-audit-x86_64-pc-windows-msvc-v0.22.2.zip"
url_api = "https://api.github.com/repos/rustsec/rustsec/releases/assets/439294720"

[[tools."cargo:cargo-fuzz"]]
version = "0.13.2"
backend = "cargo:cargo-fuzz"

[[tools."github:est31/cargo-udeps"]]
version = "0.1.61"
backend = "github:est31/cargo-udeps"

[tools."github:est31/cargo-udeps"."platforms.linux-x64"]
checksum = "sha256:458419d47f48bc177e9b895b06abdccb08613f8a2d1b6eaf1729e968c041e03b"
url = "https://github.com/est31/cargo-udeps/releases/download/v0.1.61/cargo-udeps-v0.1.61-x86_64-unknown-linux-gnu.tar.gz"
url_api = "https://api.github.com/repos/est31/cargo-udeps/releases/assets/407801002"

[tools."github:est31/cargo-udeps"."platforms.macos-arm64"]
checksum = "sha256:0ca49f226c268ff3f7d65e82dd471900b962e4dcb3e75793558e5f4287be2011"
url = "https://github.com/est31/cargo-udeps/releases/download/v0.1.61/cargo-udeps-v0.1.61-aarch64-apple-darwin.tar.gz"
url_api = "https://api.github.com/repos/est31/cargo-udeps/releases/assets/407800985"

[tools."github:est31/cargo-udeps"."platforms.windows-x64"]
checksum = "sha256:6920b6f493f0c13a28e32522ccb7efffcc57c8849d887366b19c599dc2238cc0"
url = "https://github.com/est31/cargo-udeps/releases/download/v0.1.61/cargo-udeps-v0.1.61-x86_64-pc-windows-msvc.zip"
url_api = "https://api.github.com/repos/est31/cargo-udeps/releases/assets/407804338"

[[tools."github:romnn/bumpversion"]]
version = "0.0.13"
backend = "github:romnn/bumpversion"

[tools."github:romnn/bumpversion".options]
matching = "bumpversion"

[tools."github:romnn/bumpversion"."platforms.linux-x64"]
checksum = "sha256:92759e0720682f7bbf5e8d2742f4545e9de45c92a1658c0174a6f5b65c664aca"
url = "https://github.com/romnn/bumpversion/releases/download/v0.0.13/bumpversion_0.0.13_linux_amd64.tar.gz"
url_api = "https://api.github.com/repos/romnn/bumpversion/releases/assets/546352904"

[tools."github:romnn/bumpversion"."platforms.macos-arm64"]
checksum = "sha256:bcd78c37b2411ac8b650dfb388a134d7ad73573a064bcdcb1651778cf1dd02fe"
url = "https://github.com/romnn/bumpversion/releases/download/v0.0.13/bumpversion_0.0.13_darwin_arm64.tar.gz"
url_api = "https://api.github.com/repos/romnn/bumpversion/releases/assets/546352906"

[tools."github:romnn/bumpversion"."platforms.windows-x64"]
checksum = "sha256:0b3113a866a1c6b092b9ea95d9e146547dfd59d886acb69f0b4a1d00321978d5"
url = "https://github.com/romnn/bumpversion/releases/download/v0.0.13/bumpversion_0.0.13_windows_amd64.zip"
url_api = "https://api.github.com/repos/romnn/bumpversion/releases/assets/546352910"

[[tools."github:romnn/cargo-feature-combinations"]]
version = "0.7.0"
backend = "github:romnn/cargo-feature-combinations"

[tools."github:romnn/cargo-feature-combinations".options]
matching = "cargo-fc"

[tools."github:romnn/cargo-feature-combinations"."platforms.linux-x64"]
checksum = "sha256:dd93d9f7e08d718bde5e69be430a4973425427f6d5cf71e2bd0f96ac509dedd4"
url = "https://github.com/romnn/cargo-feature-combinations/releases/download/v0.7.0/cargo-fc_0.7.0_linux_amd64.tar.gz"
url_api = "https://api.github.com/repos/romnn/cargo-feature-combinations/releases/assets/529424128"

[tools."github:romnn/cargo-feature-combinations"."platforms.macos-arm64"]
checksum = "sha256:705198faddc016de084a1ded0c6b4d0918f51d15e32114cb8acd254999180060"
url = "https://github.com/romnn/cargo-feature-combinations/releases/download/v0.7.0/cargo-fc_0.7.0_darwin_arm64.tar.gz"
url_api = "https://api.github.com/repos/romnn/cargo-feature-combinations/releases/assets/529424100"

[tools."github:romnn/cargo-feature-combinations"."platforms.windows-x64"]
checksum = "sha256:3df2404e748e86353f721a7999a5145f6aad21b93b3177c28e30278590c527ba"
url = "https://github.com/romnn/cargo-feature-combinations/releases/download/v0.7.0/cargo-fc_0.7.0_windows_amd64.zip"
url_api = "https://api.github.com/repos/romnn/cargo-feature-combinations/releases/assets/529424121"

[[tools."github:romnn/cargo-watchdoc"]]
version = "0.3.10"
backend = "github:romnn/cargo-watchdoc"

[tools."github:romnn/cargo-watchdoc"."platforms.linux-x64"]
checksum = "sha256:624eeaf0b813b9add77b18058f3768b0e3f5b516d7c7fceddd37f229b01b4094"
url = "https://github.com/romnn/cargo-watchdoc/releases/download/v0.3.10/cargo-watchdoc_0.3.10_linux_amd64.tar.gz"
url_api = "https://api.github.com/repos/romnn/cargo-watchdoc/releases/assets/392595133"

[tools."github:romnn/cargo-watchdoc"."platforms.macos-arm64"]
checksum = "sha256:8e1eb7d6304257b570e105462cb46a035c59f6945dabbaf1748c84e4e6a34a18"
url = "https://github.com/romnn/cargo-watchdoc/releases/download/v0.3.10/cargo-watchdoc_0.3.10_darwin_arm64.tar.gz"
url_api = "https://api.github.com/repos/romnn/cargo-watchdoc/releases/assets/392595139"

[tools."github:romnn/cargo-watchdoc"."platforms.windows-x64"]
checksum = "sha256:2db675316aebe8beb3f09515765c761658c0b5e57a1b55cb25d8b348e8fdd73b"
url = "https://github.com/romnn/cargo-watchdoc/releases/download/v0.3.10/cargo-watchdoc_0.3.10_windows_amd64.zip"
url_api = "https://api.github.com/repos/romnn/cargo-watchdoc/releases/assets/392595130"

[[tools."github:romnn/cooldown"]]
version = "0.0.21"
backend = "github:romnn/cooldown"

[tools."github:romnn/cooldown"."platforms.linux-x64"]
checksum = "sha256:0e7db44640af69666d383fc16aaeb0d784e5e2182a8361a243bda1a2aa2d603f"
url = "https://github.com/romnn/cooldown/releases/download/v0.0.21/cooldown_0.0.21_linux_amd64.tar.gz"
url_api = "https://api.github.com/repos/romnn/cooldown/releases/assets/563567128"

[tools."github:romnn/cooldown"."platforms.macos-arm64"]
checksum = "sha256:6463d6b6d15806887396fd8c7a68c1824cc706f14a8b094fb78b20daa774a0bd"
url = "https://github.com/romnn/cooldown/releases/download/v0.0.21/cooldown_0.0.21_darwin_arm64.tar.gz"
url_api = "https://api.github.com/repos/romnn/cooldown/releases/assets/563567165"

[tools."github:romnn/cooldown"."platforms.windows-x64"]
checksum = "sha256:ce4d9bbb8e764d46d0f420b76c436c3ff6bbf08e9249cb72345f20952a02517a"
url = "https://github.com/romnn/cooldown/releases/download/v0.0.21/cooldown_0.0.21_windows_amd64.zip"
url_api = "https://api.github.com/repos/romnn/cooldown/releases/assets/563567131"

[[tools."github:rust-cross/cargo-zigbuild"]]
version = "0.23.4"
backend = "github:rust-cross/cargo-zigbuild"

[tools."github:rust-cross/cargo-zigbuild"."platforms.linux-x64"]
checksum = "sha256:6b69963040818ca1ef573d8135a95aa902e17cf7f873c32c6426642dadfe7f59"
url = "https://github.com/rust-cross/cargo-zigbuild/releases/download/v0.23.4/cargo-zigbuild-x86_64-unknown-linux-gnu.tar.xz"
url_api = "https://api.github.com/repos/rust-cross/cargo-zigbuild/releases/assets/541272889"

[tools."github:rust-cross/cargo-zigbuild"."platforms.macos-arm64"]
checksum = "sha256:ca2369ae1a9995542206a6c18dd372acff94dddeb9d7c07e09bfb7594197cea3"
url = "https://github.com/rust-cross/cargo-zigbuild/releases/download/v0.23.4/cargo-zigbuild-aarch64-apple-darwin.tar.xz"
url_api = "https://api.github.com/repos/rust-cross/cargo-zigbuild/releases/assets/541272865"

[tools."github:rust-cross/cargo-zigbuild"."platforms.windows-x64"]
checksum = "sha256:cd1226091f9f99ac7b46fb413968fb0b46edbe3ea961817d31b968352de4d4a6"
url = "https://github.com/rust-cross/cargo-zigbuild/releases/download/v0.23.4/cargo-zigbuild-x86_64-pc-windows-msvc.zip"
url_api = "https://api.github.com/repos/rust-cross/cargo-zigbuild/releases/assets/541272877"

[[tools.task]]
version = "3.53.1"
backend = "aqua:go-task/task"

[tools.task."platforms.linux-x64"]
checksum = "sha256:a54a408f6861ff921f6e87774180db31bacd8c1e7c944ca696db9fea49a82fc7"
url = "https://github.com/go-task/task/releases/download/v3.53.1/task_linux_amd64.tar.gz"
url_api = "https://api.github.com/repos/go-task/task/releases/assets/519645449"

[tools.task."platforms.macos-arm64"]
checksum = "sha256:85d2d96c2380b33d7855b07b3f7a20dc7ca0eda999a26efa0fb5f6f32b366cd7"
url = "https://github.com/go-task/task/releases/download/v3.53.1/task_darwin_arm64.tar.gz"
url_api = "https://api.github.com/repos/go-task/task/releases/assets/519645491"

[tools.task."platforms.windows-x64"]
checksum = "sha256:27c0cd248c12cba03d8958d954a3df981c900be885ec9ce5f6a3cdc4e9a19316"
url = "https://github.com/go-task/task/releases/download/v3.53.1/task_windows_amd64.zip"
url_api = "https://api.github.com/repos/go-task/task/releases/assets/519645548"

[[tools.typos]]
version = "1.50.1"
backend = "aqua:crate-ci/typos"

[tools.typos."platforms.linux-x64"]
checksum = "sha256:edf0545109aee6a22751d04ddecb97c45be47d3aa0409564fb895eeeace91b1e"
url = "https://github.com/crate-ci/typos/releases/download/v1.50.1/typos-v1.50.1-x86_64-unknown-linux-musl.tar.gz"
url_api = "https://api.github.com/repos/crate-ci/typos/releases/assets/539858793"

[tools.typos."platforms.macos-arm64"]
checksum = "sha256:2c940734b44b6e199e165278b662b7e17c68f068471a2a8a5e491ce635414ae6"
url = "https://github.com/crate-ci/typos/releases/download/v1.50.1/typos-v1.50.1-aarch64-apple-darwin.tar.gz"
url_api = "https://api.github.com/repos/crate-ci/typos/releases/assets/539861019"

[tools.typos."platforms.windows-x64"]
checksum = "sha256:8740867a0d9e44a62f0803e37a669ec3c6cd17ab63cd49d00e14a96d3e03ccc3"
url = "https://github.com/crate-ci/typos/releases/download/v1.50.1/typos-v1.50.1-x86_64-pc-windows-msvc.zip"
url_api = "https://api.github.com/repos/crate-ci/typos/releases/assets/539862554"

[[tools.zig]]
version = "0.16.0"
backend = "core:zig"

[tools.zig."platforms.linux-x64"]
checksum = "sha256:70e49664a74374b48b51e6f3fdfbf437f6395d42509050588bd49abe52ba3d00"
url = "https://ziglang.org/download/0.16.0/zig-x86_64-linux-0.16.0.tar.xz"

[tools.zig."platforms.macos-arm64"]
checksum = "sha256:b23d70deaa879b5c2d486ed3316f7eaa53e84acf6fc9cc747de152450d401489"
url = "https://ziglang.org/download/0.16.0/zig-aarch64-macos-0.16.0.tar.xz"

[tools.zig."platforms.windows-x64"]
checksum = "sha256:68659eb5f1e4eb1437a722f1dd889c5a322c9954607f5edcf337bc3684a75a7e"
url = "https://ziglang.org/download/0.16.0/zig-x86_64-windows-0.16.0.zip"
